
Microsoft Visual Studio Solution File, Format Version 12.00
# Visual Studio Version 17
VisualStudioVersion = 17.1.32328.378
MinimumVisualStudioVersion = 10.0.40219.1
Project("{9A19103F-16F7-4668-BE54-9A1E7A4F7556}") = "Lotiques", "Lotiques\Lotiques.csproj", "{067615FF-7E7B-4FFB-A422-6725672AC74D}"
EndProject
Global
	GlobalSection(SolutionConfigurationPlatforms) = preSolution
		Debug|Any CPU = Debug|Any CPU
		Release|Any CPU = Release|Any CPU
	EndGlobalSection
	GlobalSection(ProjectConfigurationPlatforms) = postSolution
		{067615FF-7E7B-4FFB-A422-6725672AC74D}.Debug|Any CPU.ActiveCfg = Debug|Any CPU
		{067615FF-7E7B-4FFB-A422-6725672AC74D}.Debug|Any CPU.Build.0 = Debug|Any CPU
		{067615FF-7E7B-4FFB-A422-6725672AC74D}.Release|Any CPU.ActiveCfg = Release|Any CPU
		{067615FF-7E7B-4FFB-A422-6725672AC74D}.Release|Any CPU.Build.0 = Release|Any CPU
	EndGlobalSection
	GlobalSection(SolutionProperties) = preSolution
		HideSolutionNode = FALSE
	EndGlobalSection
	GlobalSection(ExtensibilityGlobals) = postSolution
		SolutionGuid = {624ADA72-D855-48D0-9688-D834208FAFD5}
	EndGlobalSection
EndGlobal
